
Microsoft Visual Studio Solution File, Format Version 12.00
# Visual Studio Version 17
VisualStudioVersion = 17.9.34607.119
MinimumVisualStudioVersion = 10.0.40219.1
Project("{FAE04EC0-301F-11D3-BF4B-00C04F79EFBC}") = "ArrayFiller", "ArrayFiller\ArrayFiller.csproj", "{1DFF1774-FCD1-49A3-B871-F408F8B45152}"
EndProject
Global
	GlobalSection(SolutionConfigurationPlatforms) = preSolution
		Debug|Any CPU = Debug|Any CPU
		Release|Any CPU = Release|Any CPU
	EndGlobalSection
	GlobalSection(ProjectConfigurationPlatforms) = postSolution
		{1DFF1774-FCD1-49A3-B871-F408F8B45152}.Debug|Any CPU.ActiveCfg = Debug|Any CPU
		{1DFF1774-FCD1-49A3-B871-F408F8B45152}.Debug|Any CPU.Build.0 = Debug|Any CPU
		{1DFF1774-FCD1-49A3-B871-F408F8B45152}.Release|Any CPU.ActiveCfg = Release|Any CPU
		{1DFF1774-FCD1-49A3-B871-F408F8B45152}.Release|Any CPU.Build.0 = Release|Any CPU
	EndGlobalSection
	GlobalSection(SolutionProperties) = preSolution
		HideSolutionNode = FALSE
	EndGlobalSection
	GlobalSection(ExtensibilityGlobals) = postSolution
		SolutionGuid = {5686F91B-C35C-454D-98AE-77A2A02BA77B}
	EndGlobalSection
EndGlobal
